// !$*UTF8*$!
{
	archiveVersion = 1;
	classes = {
	};
	objectVersion = 46;
	objects = {

/* Begin PBXBuildFile section */
		F4C8A5601C423D4600D0702B /* main.m in Sources */ = {isa = PBXBuildFile; fileRef = F4C8A55F1C423D4600D0702B /* main.m */; };
		F4C8A5631C423D4600D0702B /* AppDelegate.m in Sources */ = {isa = PBXBuildFile; fileRef = F4C8A5621C423D4600D0702B /* AppDelegate.m */; };
		F4C8A5661C423D4600D0702B /* ViewController.m in Sources */ = {isa = PBXBuildFile; fileRef = F4C8A5651C423D4600D0702B /* ViewController.m */; };
		F4C8A5691C423D4600D0702B /* Main.storyboard in Resources */ = {isa = PBXBuildFile; fileRef = F4C8A5671C423D4600D0702B /* Main.storyboard */; };
		F4C8A56B1C423D4600D0702B /* Assets.xcassets in Resources */ = {isa = PBXBuildFile; fileRef = F4C8A56A1C423D4600D0702B /* Assets.xcassets */; };
		F4C8A56E1C423D4600D0702B /* LaunchScreen.storyboard in Resources */ = {isa = PBXBuildFile; fileRef = F4C8A56C1C423D4600D0702B /* LaunchScreen.storyboard */; };
		F4C8A5771C4243F300D0702B /* FXBlurView.m in Sources */ = {isa = PBXBuildFile; fileRef = F4C8A5761C4243F300D0702B /* FXBlurView.m */; };
		F4C8A57A1C42441200D0702B /* TWTButton.m in Sources */ = {isa = PBXBuildFile; fileRef = F4C8A5791C42441200D0702B /* TWTButton.m */; };
		F4C8A57D1C42442000D0702B /* AvatarImageView.m in Sources */ = {isa = PBXBuildFile; fileRef = F4C8A57C1C42442000D0702B /* AvatarImageView.m */; };
/* End PBXBuildFile section */

/* Begin PBXFileReference section */
		F4C8A55B1C423D4600D0702B /* TwitterHeaderDemo.app */ = {isa = PBXFileReference; explicitFileType = wrapper.application; includeInIndex = 0; path = TwitterHeaderDemo.app; sourceTree = BUILT_PRODUCTS_DIR; };
		F4C8A55F1C423D4600D0702B /* main.m */ = {isa = PBXFileReference; lastKnownFileType = sourcecode.c.objc; path = main.m; sourceTree = "<group>"; };
		F4C8A5611C423D4600D0702B /* AppDelegate.h */ = {isa = PBXFileReference; lastKnownFileType = sourcecode.c.h; path = AppDelegate.h; sourceTree = "<group>"; };
		F4C8A5621C423D4600D0702B /* AppDelegate.m */ = {isa = PBXFileReference; lastKnownFileType = sourcecode.c.objc; path = AppDelegate.m; sourceTree = "<group>"; };
		F4C8A5641C423D4600D0702B /* ViewController.h */ = {isa = PBXFileReference; lastKnownFileType = sourcecode.c.h; path = ViewController.h; sourceTree = "<group>"; };
		F4C8A5651C423D4600D0702B /* ViewController.m */ = {isa = PBXFileReference; lastKnownFileType = sourcecode.c.objc; path = ViewController.m; sourceTree = "<group>"; };
		F4C8A5681C423D4600D0702B /* Base */ = {isa = PBXFileReference; lastKnownFileType = file.storyboard; name = Base; path = Base.lproj/Main.storyboard; sourceTree = "<group>"; };
		F4C8A56A1C423D4600D0702B /* Assets.xcassets */ = {isa = PBXFileReference; lastKnownFileType = folder.assetcatalog; path = Assets.xcassets; sourceTree = "<group>"; };
		F4C8A56D1C423D4600D0702B /* Base */ = {isa = PBXFileReference; lastKnownFileType = file.storyboard; name = Base; path = Base.lproj/LaunchScreen.storyboard; sourceTree = "<group>"; };
		F4C8A56F1C423D4600D0702B /* Info.plist */ = {isa = PBXFileReference; lastKnownFileType = text.plist.xml; path = Info.plist; sourceTree = "<group>"; };
		F4C8A5751C4243F300D0702B /* FXBlurView.h */ = {isa = PBXFileReference; fileEncoding = 4; lastKnownFileType = sourcecode.c.h; path = FXBlurView.h; sourceTree = "<group>"; };
		F4C8A5761C4243F300D0702B /* FXBlurView.m */ = {isa = PBXFileReference; fileEncoding = 4; lastKnownFileType = sourcecode.c.objc; path = FXBlurView.m; sourceTree = "<group>"; };
		F4C8A5781C42441200D0702B /* TWTButton.h */ = {isa = PBXFileReference; fileEncoding = 4; lastKnownFileType = sourcecode.c.h; path = TWTButton.h; sourceTree = "<group>"; };
		F4C8A5791C42441200D0702B /* TWTButton.m */ = {isa = PBXFileReference; fileEncoding = 4; lastKnownFileType = sourcecode.c.objc; path = TWTButton.m; sourceTree = "<group>"; };
		F4C8A57B1C42442000D0702B /* AvatarImageView.h */ = {isa = PBXFileReference; fileEncoding = 4; lastKnownFileType = sourcecode.c.h; path = AvatarImageView.h; sourceTree = "<group>"; };
		F4C8A57C1C42442000D0702B /* AvatarImageView.m */ = {isa = PBXFileReference; fileEncoding = 4; lastKnownFileType = sourcecode.c.objc; path = AvatarImageView.m; sourceTree = "<group>"; };
/* End PBXFileReference section */

/* Begin PBXFrameworksBuildPhase section */
		F4C8A5581C423D4600D0702B /* Frameworks */ = {
			isa = PBXFrameworksBuildPhase;
			buildActionMask = 2147483647;
			files = (
			);
			runOnlyForDeploymentPostprocessing = 0;
		};
/* End PBXFrameworksBuildPhase section */

/* Begin PBXGroup section */
		F4C8A5521C423D4600D0702B = {
			isa = PBXGroup;
			children = (
				F4C8A55D1C423D4600D0702B /* TwitterHeaderDemo */,
				F4C8A55C1C423D4600D0702B /* Products */,
			);
			sourceTree = "<group>";
		};
		F4C8A55C1C423D4600D0702B /* Products */ = {
			isa = PBXGroup;
			children = (
				F4C8A55B1C423D4600D0702B /* TwitterHeaderDemo.app */,
			);
			name = Products;
			sourceTree = "<group>";
		};
		F4C8A55D1C423D4600D0702B /* TwitterHeaderDemo */ = {
			isa = PBXGroup;
			children = (
				F4C8A5751C4243F300D0702B /* FXBlurView.h */,
				F4C8A5761C4243F300D0702B /* FXBlurView.m */,
				F4C8A5611C423D4600D0702B /* AppDelegate.h */,
				F4C8A5621C423D4600D0702B /* AppDelegate.m */,
				F4C8A5641C423D4600D0702B /* ViewController.h */,
				F4C8A5651C423D4600D0702B /* ViewController.m */,
				F4C8A5781C42441200D0702B /* TWTButton.h */,
				F4C8A5791C42441200D0702B /* TWTButton.m */,
				F4C8A57B1C42442000D0702B /* AvatarImageView.h */,
				F4C8A57C1C42442000D0702B /* AvatarImageView.m */,
				F4C8A5671C423D4600D0702B /* Main.storyboard */,
				F4C8A56A1C423D4600D0702B /* Assets.xcassets */,
				F4C8A56C1C423D4600D0702B /* LaunchScreen.storyboard */,
				F4C8A56F1C423D4600D0702B /* Info.plist */,
				F4C8A55E1C423D4600D0702B /* Supporting Files */,
			);
			path = TwitterHeaderDemo;
			sourceTree = "<group>";
		};
		F4C8A55E1C423D4600D0702B /* Supporting Files */ = {
			isa = PBXGroup;
			children = (
				F4C8A55F1C423D4600D0702B /* main.m */,
			);
			name = "Supporting Files";
			sourceTree = "<group>";
		};
/* End PBXGroup section */

/* Begin PBXNativeTarget section */
		F4C8A55A1C423D4600D0702B /* TwitterHeaderDemo */ = {
			isa = PBXNativeTarget;
			buildConfigurationList = F4C8A5721C423D4600D0702B /* Build configuration list for PBXNativeTarget "TwitterHeaderDemo" */;
			buildPhases = (
				F4C8A5571C423D4600D0702B /* Sources */,
				F4C8A5581C423D4600D0702B /* Frameworks */,
				F4C8A5591C423D4600D0702B /* Resources */,
			);
			buildRules = (
			);
			dependencies = (
			);
			name = TwitterHeaderDemo;
			productName = TwitterHeaderDemo;
			productReference = F4C8A55B1C423D4600D0702B /* TwitterHeaderDemo.app */;
			productType = "com.apple.product-type.application";
		};
/* End PBXNativeTarget section */

/* Begin PBXProject section */
		F4C8A5531C423D4600D0702B /* Project object */ = {
			isa = PBXProject;
			attributes = {
				LastUpgradeCheck = 0720;
				ORGANIZATIONNAME = "冰点";
				TargetAttributes = {
					F4C8A55A1C423D4600D0702B = {
						CreatedOnToolsVersion = 7.2;
					};
				};
			};
			buildConfigurationList = F4C8A5561C423D4600D0702B /* Build configuration list for PBXProject "TwitterHeaderDemo" */;
			compatibilityVersion = "Xcode 3.2";
			developmentRegion = English;
			hasScannedForEncodings = 0;
			knownRegions = (
				en,
				Base,
			);
			mainGroup = F4C8A5521C423D4600D0702B;
			productRefGroup = F4C8A55C1C423D4600D0702B /* Products */;
			projectDirPath = "";
			projectRoot = "";
			targets = (
				F4C8A55A1C423D4600D0702B /* TwitterHeaderDemo */,
			);
		};
/* End PBXProject section */

/* Begin PBXResourcesBuildPhase section */
		F4C8A5591C423D4600D0702B /* Resources */ = {
			isa = PBXResourcesBuildPhase;
			buildActionMask = 2147483647;
			files = (
				F4C8A56E1C423D4600D0702B /* LaunchScreen.storyboard in Resources */,
				F4C8A56B1C423D4600D0702B /* Assets.xcassets in Resources */,
				F4C8A5691C423D4600D0702B /* Main.storyboard in Resources */,
			);
			runOnlyForDeploymentPostprocessing = 0;
		};
/* End PBXResourcesBuildPhase section */

/* Begin PBXSourcesBuildPhase section */
		F4C8A5571C423D4600D0702B /* Sources */ = {
			isa = PBXSourcesBuildPhase;
			buildActionMask = 2147483647;
			files = (
				F4C8A5661C423D4600D0702B /* ViewController.m in Sources */,
				F4C8A57D1C42442000D0702B /* AvatarImageView.m in Sources */,
				F4C8A57A1C42441200D0702B /* TWTButton.m in Sources */,
				F4C8A5771C4243F300D0702B /* FXBlurView.m in Sources */,
				F4C8A5631C423D4600D0702B /* AppDelegate.m in Sources */,
				F4C8A5601C423D4600D0702B /* main.m in Sources */,
			);
			runOnlyForDeploymentPostprocessing = 0;
		};
/* End PBXSourcesBuildPhase section */

/* Begin PBXVariantGroup section */
		F4C8A5671C423D4600D0702B /* Main.storyboard */ = {
			isa = PBXVariantGroup;
			children = (
				F4C8A5681C423D4600D0702B /* Base */,
			);
			name = Main.storyboard;
			sourceTree = "<group>";
		};
		F4C8A56C1C423D4600D0702B /* LaunchScreen.storyboard */ = {
			isa = PBXVariantGroup;
			children = (
				F4C8A56D1C423D4600D0702B /* Base */,
			);
			name = LaunchScreen.storyboard;
			sourceTree = "<group>";
		};
/* End PBXVariantGroup section */

/* Begin XCBuildConfiguration section */
		F4C8A5701C423D4600D0702B /* Debug */ = {
			isa = XCBuildConfiguration;
			buildSettings = {
				ALWAYS_SEARCH_USER_PATHS = NO;
				CLANG_CXX_LANGUAGE_STANDARD = "gnu++0x";
				CLANG_CXX_LIBRARY = "libc++";
				CLANG_ENABLE_MODULES = YES;
				CLANG_ENABLE_OBJC_ARC = YES;
				CLANG_WARN_BOOL_CONVERSION = YES;
				CLANG_WARN_CONSTANT_CONVERSION = YES;
				CLANG_WARN_DIRECT_OBJC_ISA_USAGE = YES_ERROR;
				CLANG_WARN_EMPTY_BODY = YES;
				CLANG_WARN_ENUM_CONVERSION = YES;
				CLANG_WARN_INT_CONVERSION = YES;
				CLANG_WARN_OBJC_ROOT_CLASS = YES_ERROR;
				CLANG_WARN_UNREACHABLE_CODE = YES;
				CLANG_WARN__DUPLICATE_METHOD_MATCH = YES;
				"CODE_SIGN_IDENTITY[sdk=iphoneos*]" = "iPhone Developer";
				COPY_PHASE_STRIP = NO;
				DEBUG_INFORMATION_FORMAT = dwarf;
				ENABLE_STRICT_OBJC_MSGSEND = YES;
				ENABLE_TESTABILITY = YES;
				GCC_C_LANGUAGE_STANDARD = gnu99;
				GCC_DYNAMIC_NO_PIC = NO;
				GCC_NO_COMMON_BLOCKS = YES;
				GCC_OPTIMIZATION_LEVEL = 0;
				GCC_PREPROCESSOR_DEFINITIONS = (
					"DEBUG=1",
					"$(inherited)",
				);
				GCC_WARN_64_TO_32_BIT_CONVERSION = YES;
				GCC_WARN_ABOUT_RETURN_TYPE = YES_ERROR;
				GCC_WARN_UNDECLARED_SELECTOR = YES;
				GCC_WARN_UNINITIALIZED_AUTOS = YES_AGGRESSIVE;
				GCC_WARN_UNUSED_FUNCTION = YES;
				GCC_WARN_UNUSED_VARIABLE = YES;
				IPHONEOS_DEPLOYMENT_TARGET = 9.2;
				MTL_ENABLE_DEBUG_INFO = YES;
				ONLY_ACTIVE_ARCH = YES;
				SDKROOT = iphoneos;
			};
			name = Debug;
		};
		F4C8A5711C423D4600D0702B /* Release */ = {
			isa = XCBuildConfiguration;
			buildSettings = {
				ALWAYS_SEARCH_USER_PATHS = NO;
				CLANG_CXX_LANGUAGE_STANDARD = "gnu++0x";
				CLANG_CXX_LIBRARY = "libc++";
				CLANG_ENABLE_MODULES = YES;
				CLANG_ENABLE_OBJC_ARC = YES;
				CLANG_WARN_BOOL_CONVERSION = YES;
				CLANG_WARN_CONSTANT_CONVERSION = YES;
				CLANG_WARN_DIRECT_OBJC_ISA_USAGE = YES_ERROR;
				CLANG_WARN_EMPTY_BODY = YES;
				CLANG_WARN_ENUM_CONVERSION = YES;
				CLANG_WARN_INT_CONVERSION = YES;
				CLANG_WARN_OBJC_ROOT_CLASS = YES_ERROR;
				CLANG_WARN_UNREACHABLE_CODE = YES;
				CLANG_WARN__DUPLICATE_METHOD_MATCH = YES;
				"CODE_SIGN_IDENTITY[sdk=iphoneos*]" = "iPhone Developer";
				COPY_PHASE_STRIP = NO;
				DEBUG_INFORMATION_FORMAT = "dwarf-with-dsym";
				ENABLE_NS_ASSERTIONS = NO;
				ENABLE_STRICT_OBJC_MSGSEND = YES;
				GCC_C_LANGUAGE_STANDARD = gnu99;
				GCC_NO_COMMON_BLOCKS = YES;
				GCC_WARN_64_TO_32_BIT_CONVERSION = YES;
				GCC_WARN_ABOUT_RETURN_TYPE = YES_ERROR;
				GCC_WARN_UNDECLARED_SELECTOR = YES;
				GCC_WARN_UNINITIALIZED_AUTOS = YES_AGGRESSIVE;
				GCC_WARN_UNUSED_FUNCTION = YES;
				GCC_WARN_UNUSED_VARIABLE = YES;
				IPHONEOS_DEPLOYMENT_TARGET = 9.2;
				MTL_ENABLE_DEBUG_INFO = NO;
				SDKROOT = iphoneos;
				VALIDATE_PRODUCT = YES;
			};
			name = Release;
		};
		F4C8A5731C423D4600D0702B /* Debug */ = {
			isa = XCBuildConfiguration;
			buildSettings = {
				ASSETCATALOG_COMPILER_APPICON_NAME = AppIcon;
				INFOPLIST_FILE = TwitterHeaderDemo/Info.plist;
				LD_RUNPATH_SEARCH_PATHS = "$(inherited) @executable_path/Frameworks";
				PRODUCT_BUNDLE_IDENTIFIER = com.michael.maa.TwitterHeaderDemo;
				PRODUCT_NAME = "$(TARGET_NAME)";
			};
			name = Debug;
		};
		F4C8A5741C423D4600D0702B /* Release */ = {
			isa = XCBuildConfiguration;
			buildSettings = {
				ASSETCATALOG_COMPILER_APPICON_NAME = AppIcon;
				INFOPLIST_FILE = TwitterHeaderDemo/Info.plist;
				LD_RUNPATH_SEARCH_PATHS = "$(inherited) @executable_path/Frameworks";
				PRODUCT_BUNDLE_IDENTIFIER = com.michael.maa.TwitterHeaderDemo;
				PRODUCT_NAME = "$(TARGET_NAME)";
			};
			name = Release;
		};
/* End XCBuildConfiguration section */

/* Begin XCConfigurationList section */
		F4C8A5561C423D4600D0702B /* Build configuration list for PBXProject "TwitterHeaderDemo" */ = {
			isa = XCConfigurationList;
			buildConfigurations = (
				F4C8A5701C423D4600D0702B /* Debug */,
				F4C8A5711C423D4600D0702B /* Release */,
			);
			defaultConfigurationIsVisible = 0;
			defaultConfigurationName = Release;
		};
		F4C8A5721C423D4600D0702B /* Build configuration list for PBXNativeTarget "TwitterHeaderDemo" */ = {
			isa = XCConfigurationList;
			buildConfigurations = (
				F4C8A5731C423D4600D0702B /* Debug */,
				F4C8A5741C423D4600D0702B /* Release */,
			);
			defaultConfigurationIsVisible = 0;
		};
/* End XCConfigurationList section */
	};
	rootObject = F4C8A5531C423D4600D0702B /* Project object */;
}
